lockfileVersion: '9.0'

settings:
  autoInstallPeers: true
  excludeLinksFromLockfile: false

importers:

  .:
    dependencies:
      '@types/unist':
        specifier: ^2.0.0
        version: 2.0.11
    devDependencies:
      relizy:
        specifier: ./../../relizy
        version: link:../../relizy

  packages/pck-a: {}

  packages/pck-b:
    dependencies:
      pck-a:
        specifier: workspace:*
        version: link:../pck-a

  packages/pck-c:
    dependencies:
      pck-b:
        specifier: workspace:*
        version: link:../pck-b

packages:

  '@types/unist@2.0.11':
    resolution: {integrity: sha512-CmBKiL6NNo/OqgmMn95Fk9Whlp2mtvIv+KNpQKN2F4SjvrEesubTRWGYSg+BnWZOnlCaSTU1sMpsBOzgbYhnsA==}

snapshots:

  '@types/unist@2.0.11': {}
